// !$*UTF8*$!
{
	archiveVersion = 1;
	classes = {
	};
	objectVersion = 56;
	objects = {

/* Begin PBXBuildFile section */
		83A14AEE2ADAEE940062F490 /* FourJobFiestaSwiftCoreApp.swift in Sources */ = {isa = PBXBuildFile; fileRef = 83A14AED2ADAEE940062F490 /* FourJobFiestaSwiftCoreApp.swift */; };
		83A14AF02ADAEE940062F490 /* ContentView.swift in Sources */ = {isa = PBXBuildFile; fileRef = 83A14AEF2ADAEE940062F490 /* ContentView.swift */; };
		83A14AF22ADAEE960062F490 /* Assets.xcassets in Resources */ = {isa = PBXBuildFile; fileRef = 83A14AF12ADAEE960062F490 /* Assets.xcassets */; };
		83A14AF62ADAEE960062F490 /* Preview Assets.xcassets in Resources */ = {isa = PBXBuildFile; fileRef = 83A14AF52ADAEE960062F490 /* Preview Assets.xcassets */; };
		83A14B002ADAEE960062F490 /* FourJobFiestaSwiftCoreTests.swift in Sources */ = {isa = PBXBuildFile; fileRef = 83A14AFF2ADAEE960062F490 /* FourJobFiestaSwiftCoreTests.swift */; };
		83A14B0A2ADAEE960062F490 /* FourJobFiestaSwiftCoreUITests.swift in Sources */ = {isa = PBXBuildFile; fileRef = 83A14B092ADAEE960062F490 /* FourJobFiestaSwiftCoreUITests.swift */; };
		83A14B0C2ADAEE960062F490 /* FourJobFiestaSwiftCoreUITestsLaunchTests.swift in Sources */ = {isa = PBXBuildFile; fileRef = 83A14B0B2ADAEE960062F490 /* FourJobFiestaSwiftCoreUITestsLaunchTests.swift */; };
		83A14B1A2ADAEEC40062F490 /* Job.swift in Sources */ = {isa = PBXBuildFile; fileRef = 83A14B192ADAEEC40062F490 /* Job.swift */; };
		83A14B1E2ADAF11D0062F490 /* JobType.swift in Sources */ = {isa = PBXBuildFile; fileRef = 83A14B1D2ADAF11D0062F490 /* JobType.swift */; };
		83A14B212ADB33980062F490 /* Jobs.swift in Sources */ = {isa = PBXBuildFile; fileRef = 83A14B202ADB33980062F490 /* Jobs.swift */; };
		83A14C2C2ADB8A330062F490 /* JobView.swift in Sources */ = {isa = PBXBuildFile; fileRef = 83A14C2B2ADB8A330062F490 /* JobView.swift */; };
		83A14D442ADC8AAF0062F490 /* Crystal.swift in Sources */ = {isa = PBXBuildFile; fileRef = 83A14D432ADC8AAF0062F490 /* Crystal.swift */; };
		83A14D462ADE1F500062F490 /* JobStatus.swift in Sources */ = {isa = PBXBuildFile; fileRef = 83A14D452ADE1F500062F490 /* JobStatus.swift */; };
		83A14D4B2ADE3CD60062F490 /* JobStatusService.swift in Sources */ = {isa = PBXBuildFile; fileRef = 83A14D4A2ADE3CD60062F490 /* JobStatusService.swift */; };
/* End PBXBuildFile section */

/* Begin PBXContainerItemProxy section */
		83A14AFC2ADAEE960062F490 /* PBXContainerItemProxy */ = {
			isa = PBXContainerItemProxy;
			containerPortal = 83A14AE22ADAEE940062F490 /* Project object */;
			proxyType = 1;
			remoteGlobalIDString = 83A14AE92ADAEE940062F490;
			remoteInfo = FourJobFiestaSwiftCore;
		};
		83A14B062ADAEE960062F490 /* PBXContainerItemProxy */ = {
			isa = PBXContainerItemProxy;
			containerPortal = 83A14AE22ADAEE940062F490 /* Project object */;
			proxyType = 1;
			remoteGlobalIDString = 83A14AE92ADAEE940062F490;
			remoteInfo = FourJobFiestaSwiftCore;
		};
/* End PBXContainerItemProxy section */

/* Begin PBXFileReference section */
		83A14AEA2ADAEE940062F490 /* FourJobFiestaSwiftCore.app */ = {isa = PBXFileReference; explicitFileType = wrapper.application; includeInIndex = 0; path = FourJobFiestaSwiftCore.app; sourceTree = BUILT_PRODUCTS_DIR; };
		83A14AED2ADAEE940062F490 /* FourJobFiestaSwiftCoreApp.swift */ = {isa = PBXFileReference; lastKnownFileType = sourcecode.swift; path = FourJobFiestaSwiftCoreApp.swift; sourceTree = "<group>"; };
		83A14AEF2ADAEE940062F490 /* ContentView.swift */ = {isa = PBXFileReference; lastKnownFileType = sourcecode.swift; path = ContentView.swift; sourceTree = "<group>"; };
		83A14AF12ADAEE960062F490 /* Assets.xcassets */ = {isa = PBXFileReference; lastKnownFileType = folder.assetcatalog; path = Assets.xcassets; sourceTree = "<group>"; };
		83A14AF32ADAEE960062F490 /* FourJobFiestaSwiftCore.entitlements */ = {isa = PBXFileReference; lastKnownFileType = text.plist.entitlements; path = FourJobFiestaSwiftCore.entitlements; sourceTree = "<group>"; };
		83A14AF52ADAEE960062F490 /* Preview Assets.xcassets */ = {isa = PBXFileReference; lastKnownFileType = folder.assetcatalog; path = "Preview Assets.xcassets"; sourceTree = "<group>"; };
		83A14AFB2ADAEE960062F490 /* FourJobFiestaSwiftCoreTests.xctest */ = {isa = PBXFileReference; explicitFileType = wrapper.cfbundle; includeInIndex = 0; path = FourJobFiestaSwiftCoreTests.xctest; sourceTree = BUILT_PRODUCTS_DIR; };
		83A14AFF2ADAEE960062F490 /* FourJobFiestaSwiftCoreTests.swift */ = {isa = PBXFileReference; lastKnownFileType = sourcecode.swift; path = FourJobFiestaSwiftCoreTests.swift; sourceTree = "<group>"; };
		83A14B052ADAEE960062F490 /* FourJobFiestaSwiftCoreUITests.xctest */ = {isa = PBXFileReference; explicitFileType = wrapper.cfbundle; includeInIndex = 0; path = FourJobFiestaSwiftCoreUITests.xctest; sourceTree = BUILT_PRODUCTS_DIR; };
		83A14B092ADAEE960062F490 /* FourJobFiestaSwiftCoreUITests.swift */ = {isa = PBXFileReference; lastKnownFileType = sourcecode.swift; path = FourJobFiestaSwiftCoreUITests.swift; sourceTree = "<group>"; };
		83A14B0B2ADAEE960062F490 /* FourJobFiestaSwiftCoreUITestsLaunchTests.swift */ = {isa = PBXFileReference; lastKnownFileType = sourcecode.swift; path = FourJobFiestaSwiftCoreUITestsLaunchTests.swift; sourceTree = "<group>"; };
		83A14B192ADAEEC40062F490 /* Job.swift */ = {isa = PBXFileReference; lastKnownFileType = sourcecode.swift; path = Job.swift; sourceTree = "<group>"; };
		83A14B1D2ADAF11D0062F490 /* JobType.swift */ = {isa = PBXFileReference; lastKnownFileType = sourcecode.swift; path = JobType.swift; sourceTree = "<group>"; };
		83A14B202ADB33980062F490 /* Jobs.swift */ = {isa = PBXFileReference; lastKnownFileType = sourcecode.swift; path = Jobs.swift; sourceTree = "<group>"; };
		83A14C292ADB77B30062F490 /* README.md */ = {isa = PBXFileReference; lastKnownFileType = net.daringfireball.markdown; path = README.md; sourceTree = "<group>"; };
		83A14C2B2ADB8A330062F490 /* JobView.swift */ = {isa = PBXFileReference; lastKnownFileType = sourcecode.swift; path = JobView.swift; sourceTree = "<group>"; };
		83A14D432ADC8AAF0062F490 /* Crystal.swift */ = {isa = PBXFileReference; lastKnownFileType = sourcecode.swift; path = Crystal.swift; sourceTree = "<group>"; };
		83A14D452ADE1F500062F490 /* JobStatus.swift */ = {isa = PBXFileReference; lastKnownFileType = sourcecode.swift; path = JobStatus.swift; sourceTree = "<group>"; };
		83A14D4A2ADE3CD60062F490 /* JobStatusService.swift */ = {isa = PBXFileReference; lastKnownFileType = sourcecode.swift; path = JobStatusService.swift; sourceTree = "<group>"; };
/* End PBXFileReference section */

/* Begin PBXFrameworksBuildPhase section */
		83A14AE72ADAEE940062F490 /* Frameworks */ = {
			isa = PBXFrameworksBuildPhase;
			buildActionMask = 2147483647;
			files = (
			);
			runOnlyForDeploymentPostprocessing = 0;
		};
		83A14AF82ADAEE960062F490 /* Frameworks */ = {
			isa = PBXFrameworksBuildPhase;
			buildActionMask = 2147483647;
			files = (
			);
			runOnlyForDeploymentPostprocessing = 0;
		};
		83A14B022ADAEE960062F490 /* Frameworks */ = {
			isa = PBXFrameworksBuildPhase;
			buildActionMask = 2147483647;
			files = (
			);
			runOnlyForDeploymentPostprocessing = 0;
		};
/* End PBXFrameworksBuildPhase section */

/* Begin PBXGroup section */
		83A14AE12ADAEE940062F490 = {
			isa = PBXGroup;
			children = (
				83A14C292ADB77B30062F490 /* README.md */,
				83A14AEC2ADAEE940062F490 /* FourJobFiestaSwiftCore */,
				83A14AFE2ADAEE960062F490 /* FourJobFiestaSwiftCoreTests */,
				83A14B082ADAEE960062F490 /* FourJobFiestaSwiftCoreUITests */,
				83A14AEB2ADAEE940062F490 /* Products */,
			);
			sourceTree = "<group>";
		};
		83A14AEB2ADAEE940062F490 /* Products */ = {
			isa = PBXGroup;
			children = (
				83A14AEA2ADAEE940062F490 /* FourJobFiestaSwiftCore.app */,
				83A14AFB2ADAEE960062F490 /* FourJobFiestaSwiftCoreTests.xctest */,
				83A14B052ADAEE960062F490 /* FourJobFiestaSwiftCoreUITests.xctest */,
			);
			name = Products;
			sourceTree = "<group>";
		};
		83A14AEC2ADAEE940062F490 /* FourJobFiestaSwiftCore */ = {
			isa = PBXGroup;
			children = (
				83A14D492ADE3CBB0062F490 /* Observables */,
				83A14C2A2ADB8A1D0062F490 /* Views */,
				83A14B1F2ADAF1820062F490 /* Util */,
				83A14B182ADAEEB30062F490 /* Model */,
				83A14AED2ADAEE940062F490 /* FourJobFiestaSwiftCoreApp.swift */,
				83A14AEF2ADAEE940062F490 /* ContentView.swift */,
				83A14AF12ADAEE960062F490 /* Assets.xcassets */,
				83A14AF32ADAEE960062F490 /* FourJobFiestaSwiftCore.entitlements */,
				83A14AF42ADAEE960062F490 /* Preview Content */,
			);
			path = FourJobFiestaSwiftCore;
			sourceTree = "<group>";
		};
		83A14AF42ADAEE960062F490 /* Preview Content */ = {
			isa = PBXGroup;
			children = (
				83A14AF52ADAEE960062F490 /* Preview Assets.xcassets */,
			);
			path = "Preview Content";
			sourceTree = "<group>";
		};
		83A14AFE2ADAEE960062F490 /* FourJobFiestaSwiftCoreTests */ = {
			isa = PBXGroup;
			children = (
				83A14AFF2ADAEE960062F490 /* FourJobFiestaSwiftCoreTests.swift */,
			);
			path = FourJobFiestaSwiftCoreTests;
			sourceTree = "<group>";
		};
		83A14B082ADAEE960062F490 /* FourJobFiestaSwiftCoreUITests */ = {
			isa = PBXGroup;
			children = (
				83A14B092ADAEE960062F490 /* FourJobFiestaSwiftCoreUITests.swift */,
				83A14B0B2ADAEE960062F490 /* FourJobFiestaSwiftCoreUITestsLaunchTests.swift */,
			);
			path = FourJobFiestaSwiftCoreUITests;
			sourceTree = "<group>";
		};
		83A14B182ADAEEB30062F490 /* Model */ = {
			isa = PBXGroup;
			children = (
				83A14B192ADAEEC40062F490 /* Job.swift */,
				83A14B1D2ADAF11D0062F490 /* JobType.swift */,
				83A14D432ADC8AAF0062F490 /* Crystal.swift */,
				83A14D452ADE1F500062F490 /* JobStatus.swift */,
			);
			path = Model;
			sourceTree = "<group>";
		};
		83A14B1F2ADAF1820062F490 /* Util */ = {
			isa = PBXGroup;
			children = (
				83A14B202ADB33980062F490 /* Jobs.swift */,
			);
			path = Util;
			sourceTree = "<group>";
		};
		83A14C2A2ADB8A1D0062F490 /* Views */ = {
			isa = PBXGroup;
			children = (
				83A14C2B2ADB8A330062F490 /* JobView.swift */,
			);
			path = Views;
			sourceTree = "<group>";
		};
		83A14D492ADE3CBB0062F490 /* Observables */ = {
			isa = PBXGroup;
			children = (
				83A14D4A2ADE3CD60062F490 /* JobStatusService.swift */,
			);
			path = Observables;
			sourceTree = "<group>";
		};
/* End PBXGroup section */

/* Begin PBXNativeTarget section */
		83A14AE92ADAEE940062F490 /* FourJobFiestaSwiftCore */ = {
			isa = PBXNativeTarget;
			buildConfigurationList = 83A14B0F2ADAEE960062F490 /* Build configuration list for PBXNativeTarget "FourJobFiestaSwiftCore" */;
			buildPhases = (
				83A14AE62ADAEE940062F490 /* Sources */,
				83A14AE72ADAEE940062F490 /* Frameworks */,
				83A14AE82ADAEE940062F490 /* Resources */,
			);
			buildRules = (
			);
			dependencies = (
			);
			name = FourJobFiestaSwiftCore;
			productName = FourJobFiestaSwiftCore;
			productReference = 83A14AEA2ADAEE940062F490 /* FourJobFiestaSwiftCore.app */;
			productType = "com.apple.product-type.application";
		};
		83A14AFA2ADAEE960062F490 /* FourJobFiestaSwiftCoreTests */ = {
			isa = PBXNativeTarget;
			buildConfigurationList = 83A14B122ADAEE960062F490 /* Build configuration list for PBXNativeTarget "FourJobFiestaSwiftCoreTests" */;
			buildPhases = (
				83A14AF72ADAEE960062F490 /* Sources */,
				83A14AF82ADAEE960062F490 /* Frameworks */,
				83A14AF92ADAEE960062F490 /* Resources */,
			);
			buildRules = (
			);
			dependencies = (
				83A14AFD2ADAEE960062F490 /* PBXTargetDependency */,
			);
			name = FourJobFiestaSwiftCoreTests;
			productName = FourJobFiestaSwiftCoreTests;
			productReference = 83A14AFB2ADAEE960062F490 /* FourJobFiestaSwiftCoreTests.xctest */;
			productType = "com.apple.product-type.bundle.unit-test";
		};
		83A14B042ADAEE960062F490 /* FourJobFiestaSwiftCoreUITests */ = {
			isa = PBXNativeTarget;
			buildConfigurationList = 83A14B152ADAEE960062F490 /* Build configuration list for PBXNativeTarget "FourJobFiestaSwiftCoreUITests" */;
			buildPhases = (
				83A14B012ADAEE960062F490 /* Sources */,
				83A14B022ADAEE960062F490 /* Frameworks */,
				83A14B032ADAEE960062F490 /* Resources */,
			);
			buildRules = (
			);
			dependencies = (
				83A14B072ADAEE960062F490 /* PBXTargetDependency */,
			);
			name = FourJobFiestaSwiftCoreUITests;
			productName = FourJobFiestaSwiftCoreUITests;
			productReference = 83A14B052ADAEE960062F490 /* FourJobFiestaSwiftCoreUITests.xctest */;
			productType = "com.apple.product-type.bundle.ui-testing";
		};
/* End PBXNativeTarget section */

/* Begin PBXProject section */
		83A14AE22ADAEE940062F490 /* Project object */ = {
			isa = PBXProject;
			attributes = {
				BuildIndependentTargetsInParallel = 1;
				LastSwiftUpdateCheck = 1500;
				LastUpgradeCheck = 1500;
				TargetAttributes = {
					83A14AE92ADAEE940062F490 = {
						CreatedOnToolsVersion = 15.0;
					};
					83A14AFA2ADAEE960062F490 = {
						CreatedOnToolsVersion = 15.0;
						TestTargetID = 83A14AE92ADAEE940062F490;
					};
					83A14B042ADAEE960062F490 = {
						CreatedOnToolsVersion = 15.0;
						TestTargetID = 83A14AE92ADAEE940062F490;
					};
				};
			};
			buildConfigurationList = 83A14AE52ADAEE940062F490 /* Build configuration list for PBXProject "FourJobFiestaSwiftCore" */;
			compatibilityVersion = "Xcode 14.0";
			developmentRegion = en;
			hasScannedForEncodings = 0;
			knownRegions = (
				en,
				Base,
			);
			mainGroup = 83A14AE12ADAEE940062F490;
			productRefGroup = 83A14AEB2ADAEE940062F490 /* Products */;
			projectDirPath = "";
			projectRoot = "";
			targets = (
				83A14AE92ADAEE940062F490 /* FourJobFiestaSwiftCore */,
				83A14AFA2ADAEE960062F490 /* FourJobFiestaSwiftCoreTests */,
				83A14B042ADAEE960062F490 /* FourJobFiestaSwiftCoreUITests */,
			);
		};
/* End PBXProject section */

/* Begin PBXResourcesBuildPhase section */
		83A14AE82ADAEE940062F490 /* Resources */ = {
			isa = PBXResourcesBuildPhase;
			buildActionMask = 2147483647;
			files = (
				83A14AF62ADAEE960062F490 /* Preview Assets.xcassets in Resources */,
				83A14AF22ADAEE960062F490 /* Assets.xcassets in Resources */,
			);
			runOnlyForDeploymentPostprocessing = 0;
		};
		83A14AF92ADAEE960062F490 /* Resources */ = {
			isa = PBXResourcesBuildPhase;
			buildActionMask = 2147483647;
			files = (
			);
			runOnlyForDeploymentPostprocessing = 0;
		};
		83A14B032ADAEE960062F490 /* Resources */ = {
			isa = PBXResourcesBuildPhase;
			buildActionMask = 2147483647;
			files = (
			);
			runOnlyForDeploymentPostprocessing = 0;
		};
/* End PBXResourcesBuildPhase section */

/* Begin PBXSourcesBuildPhase section */
		83A14AE62ADAEE940062F490 /* Sources */ = {
			isa = PBXSourcesBuildPhase;
			buildActionMask = 2147483647;
			files = (
				83A14C2C2ADB8A330062F490 /* JobView.swift in Sources */,
				83A14D462ADE1F500062F490 /* JobStatus.swift in Sources */,
				83A14AF02ADAEE940062F490 /* ContentView.swift in Sources */,
				83A14B1E2ADAF11D0062F490 /* JobType.swift in Sources */,
				83A14B1A2ADAEEC40062F490 /* Job.swift in Sources */,
				83A14D442ADC8AAF0062F490 /* Crystal.swift in Sources */,
				83A14B212ADB33980062F490 /* Jobs.swift in Sources */,
				83A14D4B2ADE3CD60062F490 /* JobStatusService.swift in Sources */,
				83A14AEE2ADAEE940062F490 /* FourJobFiestaSwiftCoreApp.swift in Sources */,
			);
			runOnlyForDeploymentPostprocessing = 0;
		};
		83A14AF72ADAEE960062F490 /* Sources */ = {
			isa = PBXSourcesBuildPhase;
			buildActionMask = 2147483647;
			files = (
				83A14B002ADAEE960062F490 /* FourJobFiestaSwiftCoreTests.swift in Sources */,
			);
			runOnlyForDeploymentPostprocessing = 0;
		};
		83A14B012ADAEE960062F490 /* Sources */ = {
			isa = PBXSourcesBuildPhase;
			buildActionMask = 2147483647;
			files = (
				83A14B0A2ADAEE960062F490 /* FourJobFiestaSwiftCoreUITests.swift in Sources */,
				83A14B0C2ADAEE960062F490 /* FourJobFiestaSwiftCoreUITestsLaunchTests.swift in Sources */,
			);
			runOnlyForDeploymentPostprocessing = 0;
		};
/* End PBXSourcesBuildPhase section */

/* Begin PBXTargetDependency section */
		83A14AFD2ADAEE960062F490 /* PBXTargetDependency */ = {
			isa = PBXTargetDependency;
			target = 83A14AE92ADAEE940062F490 /* FourJobFiestaSwiftCore */;
			targetProxy = 83A14AFC2ADAEE960062F490 /* PBXContainerItemProxy */;
		};
		83A14B072ADAEE960062F490 /* PBXTargetDependency */ = {
			isa = PBXTargetDependency;
			target = 83A14AE92ADAEE940062F490 /* FourJobFiestaSwiftCore */;
			targetProxy = 83A14B062ADAEE960062F490 /* PBXContainerItemProxy */;
		};
/* End PBXTargetDependency section */

/* Begin XCBuildConfiguration section */
		83A14B0D2ADAEE960062F490 /* Debug */ = {
			isa = XCBuildConfiguration;
			buildSettings = {
				ALWAYS_SEARCH_USER_PATHS = NO;
				ASSETCATALOG_COMPILER_GENERATE_SWIFT_ASSET_SYMBOL_EXTENSIONS = YES;
				CLANG_ANALYZER_NONNULL = YES;
				CLANG_ANALYZER_NUMBER_OBJECT_CONVERSION = YES_AGGRESSIVE;
				CLANG_CXX_LANGUAGE_STANDARD = "gnu++20";
				CLANG_ENABLE_MODULES = YES;
				CLANG_ENABLE_OBJC_ARC = YES;
				CLANG_ENABLE_OBJC_WEAK = YES;
				CLANG_WARN_BLOCK_CAPTURE_AUTORELEASING = YES;
				CLANG_WARN_BOOL_CONVERSION = YES;
				CLANG_WARN_COMMA = YES;
				CLANG_WARN_CONSTANT_CONVERSION = YES;
				CLANG_WARN_DEPRECATED_OBJC_IMPLEMENTATIONS = YES;
				CLANG_WARN_DIRECT_OBJC_ISA_USAGE = YES_ERROR;
				CLANG_WARN_DOCUMENTATION_COMMENTS = YES;
				CLANG_WARN_EMPTY_BODY = YES;
				CLANG_WARN_ENUM_CONVERSION = YES;
				CLANG_WARN_INFINITE_RECURSION = YES;
				CLANG_WARN_INT_CONVERSION = YES;
				CLANG_WARN_NON_LITERAL_NULL_CONVERSION = YES;
				CLANG_WARN_OBJC_IMPLICIT_RETAIN_SELF = YES;
				CLANG_WARN_OBJC_LITERAL_CONVERSION = YES;
				CLANG_WARN_OBJC_ROOT_CLASS = YES_ERROR;
				CLANG_WARN_QUOTED_INCLUDE_IN_FRAMEWORK_HEADER = YES;
				CLANG_WARN_RANGE_LOOP_ANALYSIS = YES;
				CLANG_WARN_STRICT_PROTOTYPES = YES;
				CLANG_WARN_SUSPICIOUS_MOVE = YES;
				CLANG_WARN_UNGUARDED_AVAILABILITY = YES_AGGRESSIVE;
				CLANG_WARN_UNREACHABLE_CODE = YES;
				CLANG_WARN__DUPLICATE_METHOD_MATCH = YES;
				COPY_PHASE_STRIP = NO;
				DEBUG_INFORMATION_FORMAT = dwarf;
				ENABLE_STRICT_OBJC_MSGSEND = YES;
				ENABLE_TESTABILITY = YES;
				ENABLE_USER_SCRIPT_SANDBOXING = YES;
				GCC_C_LANGUAGE_STANDARD = gnu17;
				GCC_DYNAMIC_NO_PIC = NO;
				GCC_NO_COMMON_BLOCKS = YES;
				GCC_OPTIMIZATION_LEVEL = 0;
				GCC_PREPROCESSOR_DEFINITIONS = (
					"DEBUG=1",
					"$(inherited)",
				);
				GCC_WARN_64_TO_32_BIT_CONVERSION = YES;
				GCC_WARN_ABOUT_RETURN_TYPE = YES_ERROR;
				GCC_WARN_UNDECLARED_SELECTOR = YES;
				GCC_WARN_UNINITIALIZED_AUTOS = YES_AGGRESSIVE;
				GCC_WARN_UNUSED_FUNCTION = YES;
				GCC_WARN_UNUSED_VARIABLE = YES;
				LOCALIZATION_PREFERS_STRING_CATALOGS = YES;
				MTL_ENABLE_DEBUG_INFO = INCLUDE_SOURCE;
				MTL_FAST_MATH = YES;
				ONLY_ACTIVE_ARCH = YES;
				SWIFT_ACTIVE_COMPILATION_CONDITIONS = "DEBUG $(inherited)";
				SWIFT_OPTIMIZATION_LEVEL = "-Onone";
			};
			name = Debug;
		};
		83A14B0E2ADAEE960062F490 /* Release */ = {
			isa = XCBuildConfiguration;
			buildSettings = {
				ALWAYS_SEARCH_USER_PATHS = NO;
				ASSETCATALOG_COMPILER_GENERATE_SWIFT_ASSET_SYMBOL_EXTENSIONS = YES;
				CLANG_ANALYZER_NONNULL = YES;
				CLANG_ANALYZER_NUMBER_OBJECT_CONVERSION = YES_AGGRESSIVE;
				CLANG_CXX_LANGUAGE_STANDARD = "gnu++20";
				CLANG_ENABLE_MODULES = YES;
				CLANG_ENABLE_OBJC_ARC = YES;
				CLANG_ENABLE_OBJC_WEAK = YES;
				CLANG_WARN_BLOCK_CAPTURE_AUTORELEASING = YES;
				CLANG_WARN_BOOL_CONVERSION = YES;
				CLANG_WARN_COMMA = YES;
				CLANG_WARN_CONSTANT_CONVERSION = YES;
				CLANG_WARN_DEPRECATED_OBJC_IMPLEMENTATIONS = YES;
				CLANG_WARN_DIRECT_OBJC_ISA_USAGE = YES_ERROR;
				CLANG_WARN_DOCUMENTATION_COMMENTS = YES;
				CLANG_WARN_EMPTY_BODY = YES;
				CLANG_WARN_ENUM_CONVERSION = YES;
				CLANG_WARN_INFINITE_RECURSION = YES;
				CLANG_WARN_INT_CONVERSION = YES;
				CLANG_WARN_NON_LITERAL_NULL_CONVERSION = YES;
				CLANG_WARN_OBJC_IMPLICIT_RETAIN_SELF = YES;
				CLANG_WARN_OBJC_LITERAL_CONVERSION = YES;
				CLANG_WARN_OBJC_ROOT_CLASS = YES_ERROR;
				CLANG_WARN_QUOTED_INCLUDE_IN_FRAMEWORK_HEADER = YES;
				CLANG_WARN_RANGE_LOOP_ANALYSIS = YES;
				CLANG_WARN_STRICT_PROTOTYPES = YES;
				CLANG_WARN_SUSPICIOUS_MOVE = YES;
				CLANG_WARN_UNGUARDED_AVAILABILITY = YES_AGGRESSIVE;
				CLANG_WARN_UNREACHABLE_CODE = YES;
				CLANG_WARN__DUPLICATE_METHOD_MATCH = YES;
				COPY_PHASE_STRIP = NO;
				DEBUG_INFORMATION_FORMAT = "dwarf-with-dsym";
				ENABLE_NS_ASSERTIONS = NO;
				ENABLE_STRICT_OBJC_MSGSEND = YES;
				ENABLE_USER_SCRIPT_SANDBOXING = YES;
				GCC_C_LANGUAGE_STANDARD = gnu17;
				GCC_NO_COMMON_BLOCKS = YES;
				GCC_WARN_64_TO_32_BIT_CONVERSION = YES;
				GCC_WARN_ABOUT_RETURN_TYPE = YES_ERROR;
				GCC_WARN_UNDECLARED_SELECTOR = YES;
				GCC_WARN_UNINITIALIZED_AUTOS = YES_AGGRESSIVE;
				GCC_WARN_UNUSED_FUNCTION = YES;
				GCC_WARN_UNUSED_VARIABLE = YES;
				LOCALIZATION_PREFERS_STRING_CATALOGS = YES;
				MTL_ENABLE_DEBUG_INFO = NO;
				MTL_FAST_MATH = YES;
				SWIFT_COMPILATION_MODE = wholemodule;
			};
			name = Release;
		};
		83A14B102ADAEE960062F490 /* Debug */ = {
			isa = XCBuildConfiguration;
			buildSettings = {
				ASSETCATALOG_COMPILER_APPICON_NAME = AppIcon;
				ASSETCATALOG_COMPILER_GLOBAL_ACCENT_COLOR_NAME = AccentColor;
				CODE_SIGN_ENTITLEMENTS = FourJobFiestaSwiftCore/FourJobFiestaSwiftCore.entitlements;
				CODE_SIGN_STYLE = Automatic;
				CURRENT_PROJECT_VERSION = 1;
				DEVELOPMENT_ASSET_PATHS = "\"FourJobFiestaSwiftCore/Preview Content\"";
				DEVELOPMENT_TEAM = J9NUV485VA;
				ENABLE_HARDENED_RUNTIME = YES;
				ENABLE_PREVIEWS = YES;
				GENERATE_INFOPLIST_FILE = YES;
				"INFOPLIST_KEY_UIApplicationSceneManifest_Generation[sdk=iphoneos*]" = YES;
				"INFOPLIST_KEY_UIApplicationSceneManifest_Generation[sdk=iphonesimulator*]" = YES;
				"INFOPLIST_KEY_UIApplicationSupportsIndirectInputEvents[sdk=iphoneos*]" = YES;
				"INFOPLIST_KEY_UIApplicationSupportsIndirectInputEvents[sdk=iphonesimulator*]" = YES;
				"INFOPLIST_KEY_UILaunchScreen_Generation[sdk=iphoneos*]" = YES;
				"INFOPLIST_KEY_UILaunchScreen_Generation[sdk=iphonesimulator*]" = YES;
				"INFOPLIST_KEY_UIStatusBarStyle[sdk=iphoneos*]" = UIStatusBarStyleDefault;
				"INFOPLIST_KEY_UIStatusBarStyle[sdk=iphonesimulator*]" = UIStatusBarStyleDefault;
				INFOPLIST_KEY_UISupportedInterfaceOrientations_iPad = "UIInterfaceOrientationPortrait UIInterfaceOrientationPortraitUpsideDown UIInterfaceOrientationLandscapeLeft UIInterfaceOrientationLandscapeRight";
				INFOPLIST_KEY_UISupportedInterfaceOrientations_iPhone = "UIInterfaceOrientationPortrait UIInterfaceOrientationLandscapeLeft UIInterfaceOrientationLandscapeRight";
				IPHONEOS_DEPLOYMENT_TARGET = 17.0;
				LD_RUNPATH_SEARCH_PATHS = "@executable_path/Frameworks";
				"LD_RUNPATH_SEARCH_PATHS[sdk=macosx*]" = "@executable_path/../Frameworks";
				MACOSX_DEPLOYMENT_TARGET = 13.5;
				MARKETING_VERSION = 1.0;
				PRODUCT_BUNDLE_IDENTIFIER = com.jcdev.FourJobFiestaSwiftCore;
				PRODUCT_NAME = "$(TARGET_NAME)";
				SDKROOT = auto;
				SUPPORTED_PLATFORMS = "iphoneos iphonesimulator macosx";
				SWIFT_EMIT_LOC_STRINGS = YES;
				SWIFT_VERSION = 5.0;
				TARGETED_DEVICE_FAMILY = "1,2";
			};
			name = Debug;
		};
		83A14B112ADAEE960062F490 /* Release */ = {
			isa = XCBuildConfiguration;
			buildSettings = {
				ASSETCATALOG_COMPILER_APPICON_NAME = AppIcon;
				ASSETCATALOG_COMPILER_GLOBAL_ACCENT_COLOR_NAME = AccentColor;
				CODE_SIGN_ENTITLEMENTS = FourJobFiestaSwiftCore/FourJobFiestaSwiftCore.entitlements;
				CODE_SIGN_STYLE = Automatic;
				CURRENT_PROJECT_VERSION = 1;
				DEVELOPMENT_ASSET_PATHS = "\"FourJobFiestaSwiftCore/Preview Content\"";
				DEVELOPMENT_TEAM = J9NUV485VA;
				ENABLE_HARDENED_RUNTIME = YES;
				ENABLE_PREVIEWS = YES;
				GENERATE_INFOPLIST_FILE = YES;
				"INFOPLIST_KEY_UIApplicationSceneManifest_Generation[sdk=iphoneos*]" = YES;
				"INFOPLIST_KEY_UIApplicationSceneManifest_Generation[sdk=iphonesimulator*]" = YES;
				"INFOPLIST_KEY_UIApplicationSupportsIndirectInputEvents[sdk=iphoneos*]" = YES;
				"INFOPLIST_KEY_UIApplicationSupportsIndirectInputEvents[sdk=iphonesimulator*]" = YES;
				"INFOPLIST_KEY_UILaunchScreen_Generation[sdk=iphoneos*]" = YES;
				"INFOPLIST_KEY_UILaunchScreen_Generation[sdk=iphonesimulator*]" = YES;
				"INFOPLIST_KEY_UIStatusBarStyle[sdk=iphoneos*]" = UIStatusBarStyleDefault;
				"INFOPLIST_KEY_UIStatusBarStyle[sdk=iphonesimulator*]" = UIStatusBarStyleDefault;
				INFOPLIST_KEY_UISupportedInterfaceOrientations_iPad = "UIInterfaceOrientationPortrait UIInterfaceOrientationPortraitUpsideDown UIInterfaceOrientationLandscapeLeft UIInterfaceOrientationLandscapeRight";
				INFOPLIST_KEY_UISupportedInterfaceOrientations_iPhone = "UIInterfaceOrientationPortrait UIInterfaceOrientationLandscapeLeft UIInterfaceOrientationLandscapeRight";
				IPHONEOS_DEPLOYMENT_TARGET = 17.0;
				LD_RUNPATH_SEARCH_PATHS = "@executable_path/Frameworks";
				"LD_RUNPATH_SEARCH_PATHS[sdk=macosx*]" = "@executable_path/../Frameworks";
				MACOSX_DEPLOYMENT_TARGET = 13.5;
				MARKETING_VERSION = 1.0;
				PRODUCT_BUNDLE_IDENTIFIER = com.jcdev.FourJobFiestaSwiftCore;
				PRODUCT_NAME = "$(TARGET_NAME)";
				SDKROOT = auto;
				SUPPORTED_PLATFORMS = "iphoneos iphonesimulator macosx";
				SWIFT_EMIT_LOC_STRINGS = YES;
				SWIFT_VERSION = 5.0;
				TARGETED_DEVICE_FAMILY = "1,2";
			};
			name = Release;
		};
		83A14B132ADAEE960062F490 /* Debug */ = {
			isa = XCBuildConfiguration;
			buildSettings = {
				ALWAYS_EMBED_SWIFT_STANDARD_LIBRARIES = YES;
				BUNDLE_LOADER = "$(TEST_HOST)";
				CODE_SIGN_STYLE = Automatic;
				CURRENT_PROJECT_VERSION = 1;
				DEVELOPMENT_TEAM = J9NUV485VA;
				GENERATE_INFOPLIST_FILE = YES;
				IPHONEOS_DEPLOYMENT_TARGET = 17.0;
				MACOSX_DEPLOYMENT_TARGET = 13.5;
				MARKETING_VERSION = 1.0;
				PRODUCT_BUNDLE_IDENTIFIER = com.jcdev.FourJobFiestaSwiftCoreTests;
				PRODUCT_NAME = "$(TARGET_NAME)";
				SDKROOT = auto;
				SUPPORTED_PLATFORMS = "iphoneos iphonesimulator macosx";
				SWIFT_EMIT_LOC_STRINGS = NO;
				SWIFT_VERSION = 5.0;
				TARGETED_DEVICE_FAMILY = "1,2";
				TEST_HOST = "$(BUILT_PRODUCTS_DIR)/FourJobFiestaSwiftCore.app/$(BUNDLE_EXECUTABLE_FOLDER_PATH)/FourJobFiestaSwiftCore";
			};
			name = Debug;
		};
		83A14B142ADAEE960062F490 /* Release */ = {
			isa = XCBuildConfiguration;
			buildSettings = {
				ALWAYS_EMBED_SWIFT_STANDARD_LIBRARIES = YES;
				BUNDLE_LOADER = "$(TEST_HOST)";
				CODE_SIGN_STYLE = Automatic;
				CURRENT_PROJECT_VERSION = 1;
				DEVELOPMENT_TEAM = J9NUV485VA;
				GENERATE_INFOPLIST_FILE = YES;
				IPHONEOS_DEPLOYMENT_TARGET = 17.0;
				MACOSX_DEPLOYMENT_TARGET = 13.5;
				MARKETING_VERSION = 1.0;
				PRODUCT_BUNDLE_IDENTIFIER = com.jcdev.FourJobFiestaSwiftCoreTests;
				PRODUCT_NAME = "$(TARGET_NAME)";
				SDKROOT = auto;
				SUPPORTED_PLATFORMS = "iphoneos iphonesimulator macosx";
				SWIFT_EMIT_LOC_STRINGS = NO;
				SWIFT_VERSION = 5.0;
				TARGETED_DEVICE_FAMILY = "1,2";
				TEST_HOST = "$(BUILT_PRODUCTS_DIR)/FourJobFiestaSwiftCore.app/$(BUNDLE_EXECUTABLE_FOLDER_PATH)/FourJobFiestaSwiftCore";
			};
			name = Release;
		};
		83A14B162ADAEE960062F490 /* Debug */ = {
			isa = XCBuildConfiguration;
			buildSettings = {
				ALWAYS_EMBED_SWIFT_STANDARD_LIBRARIES = YES;
				CODE_SIGN_STYLE = Automatic;
				CURRENT_PROJECT_VERSION = 1;
				DEVELOPMENT_TEAM = J9NUV485VA;
				GENERATE_INFOPLIST_FILE = YES;
				IPHONEOS_DEPLOYMENT_TARGET = 17.0;
				MACOSX_DEPLOYMENT_TARGET = 13.5;
				MARKETING_VERSION = 1.0;
				PRODUCT_BUNDLE_IDENTIFIER = com.jcdev.FourJobFiestaSwiftCoreUITests;
				PRODUCT_NAME = "$(TARGET_NAME)";
				SDKROOT = auto;
				SUPPORTED_PLATFORMS = "iphoneos iphonesimulator macosx";
				SWIFT_EMIT_LOC_STRINGS = NO;
				SWIFT_VERSION = 5.0;
				TARGETED_DEVICE_FAMILY = "1,2";
				TEST_TARGET_NAME = FourJobFiestaSwiftCore;
			};
			name = Debug;
		};
		83A14B172ADAEE960062F490 /* Release */ = {
			isa = XCBuildConfiguration;
			buildSettings = {
				ALWAYS_EMBED_SWIFT_STANDARD_LIBRARIES = YES;
				CODE_SIGN_STYLE = Automatic;
				CURRENT_PROJECT_VERSION = 1;
				DEVELOPMENT_TEAM = J9NUV485VA;
				GENERATE_INFOPLIST_FILE = YES;
				IPHONEOS_DEPLOYMENT_TARGET = 17.0;
				MACOSX_DEPLOYMENT_TARGET = 13.5;
				MARKETING_VERSION = 1.0;
				PRODUCT_BUNDLE_IDENTIFIER = com.jcdev.FourJobFiestaSwiftCoreUITests;
				PRODUCT_NAME = "$(TARGET_NAME)";
				SDKROOT = auto;
				SUPPORTED_PLATFORMS = "iphoneos iphonesimulator macosx";
				SWIFT_EMIT_LOC_STRINGS = NO;
				SWIFT_VERSION = 5.0;
				TARGETED_DEVICE_FAMILY = "1,2";
				TEST_TARGET_NAME = FourJobFiestaSwiftCore;
			};
			name = Release;
		};
/* End XCBuildConfiguration section */

/* Begin XCConfigurationList section */
		83A14AE52ADAEE940062F490 /* Build configuration list for PBXProject "FourJobFiestaSwiftCore" */ = {
			isa = XCConfigurationList;
			buildConfigurations = (
				83A14B0D2ADAEE960062F490 /* Debug */,
				83A14B0E2ADAEE960062F490 /* Release */,
			);
			defaultConfigurationIsVisible = 0;
			defaultConfigurationName = Release;
		};
		83A14B0F2ADAEE960062F490 /* Build configuration list for PBXNativeTarget "FourJobFiestaSwiftCore" */ = {
			isa = XCConfigurationList;
			buildConfigurations = (
				83A14B102ADAEE960062F490 /* Debug */,
				83A14B112ADAEE960062F490 /* Release */,
			);
			defaultConfigurationIsVisible = 0;
			defaultConfigurationName = Release;
		};
		83A14B122ADAEE960062F490 /* Build configuration list for PBXNativeTarget "FourJobFiestaSwiftCoreTests" */ = {
			isa = XCConfigurationList;
			buildConfigurations = (
				83A14B132ADAEE960062F490 /* Debug */,
				83A14B142ADAEE960062F490 /* Release */,
			);
			defaultConfigurationIsVisible = 0;
			defaultConfigurationName = Release;
		};
		83A14B152ADAEE960062F490 /* Build configuration list for PBXNativeTarget "FourJobFiestaSwiftCoreUITests" */ = {
			isa = XCConfigurationList;
			buildConfigurations = (
				83A14B162ADAEE960062F490 /* Debug */,
				83A14B172ADAEE960062F490 /* Release */,
			);
			defaultConfigurationIsVisible = 0;
			defaultConfigurationName = Release;
		};
/* End XCConfigurationList section */
	};
	rootObject = 83A14AE22ADAEE940062F490 /* Project object */;
}
